
Microsoft Visual Studio Solution File, Format Version 12.00
# Visual Studio Express 2012 for Windows Desktop
Project("{FAE04EC0-301F-11D3-BF4B-00C04F79EFBC}") = "ReViewUtils", "ReViewUtils\ReViewUtils.csproj", "{2FF0448C-788C-4221-81DF-E52748FEF251}"
EndProject
Project("{2150E333-8FDC-42A3-9474-1A3956D46DE8}") = "Solution Items", "Solution Items", "{F9B2BC02-3F7B-428A-84BC-F1939C5B334F}"
EndProject
Project("{FAE04EC0-301F-11D3-BF4B-00C04F79EFBC}") = "ReViewSequencerControl", "ReViewSequencerControl\ReViewSequencerControl.csproj", "{D198864E-62CB-408B-A29C-9C9EB47DCAE2}"
EndProject
Project("{FAE04EC0-301F-11D3-BF4B-00C04F79EFBC}") = "ReViewTimelineControl", "ReViewTimelineControl\ReViewTimelineControl.csproj", "{7303D36C-0EAD-4EC7-A960-1370E9FBA81A}"
EndProject
Project("{FAE04EC0-301F-11D3-BF4B-00C04F79EFBC}") = "ReViewLogUtils", "ReViewLogUtils\ReViewLogUtils.csproj", "{1F2D204B-7E86-4F29-BDC2-22AE52896B1C}"
EndProject
Project("{FAE04EC0-301F-11D3-BF4B-00C04F79EFBC}") = "ReViewViewportContainer", "ReViewViewportContainer\ReViewViewportContainer.csproj", "{0FB475A1-EBF8-43A5-ABFD-754A02B76F47}"
EndProject
Project("{FAE04EC0-301F-11D3-BF4B-00C04F79EFBC}") = "ReViewOverviewControl", "ReViewOverviewControl\ReViewOverviewControl.csproj", "{F5CA9564-F6F7-494F-A000-8BDFE711D3A8}"
EndProject
Project("{FAE04EC0-301F-11D3-BF4B-00C04F79EFBC}") = "_TestGame", "_TestGame\_TestGame.csproj", "{F6ADFE26-8CFC-4935-86CF-FB73CF0A90E0}"
EndProject
Project("{FAE04EC0-301F-11D3-BF4B-00C04F79EFBC}") = "ReViewFeed", "ReViewFeed\ReViewFeed.csproj", "{3C29D190-7B6C-43AE-843C-2F1856A106D6}"
EndProject
Project("{FAE04EC0-301F-11D3-BF4B-00C04F79EFBC}") = "ReViewTool", "ReViewTool\ReViewTool.csproj", "{E7260411-C43A-497E-83FB-F26D315F9557}"
EndProject
Project("{FAE04EC0-301F-11D3-BF4B-00C04F79EFBC}") = "ReViewDebugRenderView", "ReViewDebugRenderView\ReViewDebugRenderView.csproj", "{D029FA5D-7845-42A5-A767-A9A32B08D2B5}"
EndProject
Project("{FAE04EC0-301F-11D3-BF4B-00C04F79EFBC}") = "_DelaunayTest", "_DelaunayTest\_DelaunayTest.csproj", "{0974ACD1-133C-47F5-9BFE-F3F0A6ACFDA0}"
EndProject
Project("{FAE04EC0-301F-11D3-BF4B-00C04F79EFBC}") = "ReViewRPC", "ReViewRPC\ReViewRPC.csproj", "{00E12F76-6035-4266-8F3E-9342211A7DEC}"
EndProject
Project("{FAE04EC0-301F-11D3-BF4B-00C04F79EFBC}") = "Lemniscate.DDLCompiler", "Lemniscate.DDLCompiler\Lemniscate.DDLCompiler.csproj", "{CBC61728-48AC-4AD2-A18B-80E19E142E4D}"
EndProject
Project("{FAE04EC0-301F-11D3-BF4B-00C04F79EFBC}") = "Lemniscate.RPC", "Lemniscate.RPC\Lemniscate.RPC.csproj", "{DC320FD4-76AE-41DA-8DEC-85C818CC7B0A}"
EndProject
Project("{FAE04EC0-301F-11D3-BF4B-00C04F79EFBC}") = "ReViewBinaryStorage", "ReViewBinaryStorage\ReViewBinaryStorage.csproj", "{FFD7BB6F-5980-47AE-B35A-20015394697C}"
EndProject
Project("{FAE04EC0-301F-11D3-BF4B-00C04F79EFBC}") = "ReViewUtilsMedia", "ReViewUtilsMedia\ReViewUtilsMedia.csproj", "{D69E3328-FBBE-4652-B03F-AC1D421E6A2C}"
EndProject
Project("{FAE04EC0-301F-11D3-BF4B-00C04F79EFBC}") = "SharpGL", "SharpGL.Core\SharpGL\SharpGL.csproj", "{5EF45533-E2C7-46F2-B4A3-B8F36CD406E0}"
EndProject
Project("{FAE04EC0-301F-11D3-BF4B-00C04F79EFBC}") = "SharpGL.SceneGraph", "SharpGL.Core\SharpGL.SceneGraph\SharpGL.SceneGraph.csproj", "{47BCAA39-EDAD-4404-B6BD-4742B0ABB523}"
EndProject
Project("{FAE04EC0-301F-11D3-BF4B-00C04F79EFBC}") = "SharpGL.WinForms", "SharpGL.Core\SharpGL.WinForms\SharpGL.WinForms.csproj", "{B2984A6D-AD1C-4BE9-94AB-BA002B338751}"
EndProject
Project("{FAE04EC0-301F-11D3-BF4B-00C04F79EFBC}") = "UnitTests", "UnitTests\UnitTests.csproj", "{69C99DC0-3E05-436E-BB3E-C02092EED343}"
EndProject
Project("{8BC9CEB8-8B4A-11D0-8D11-00A0C91BC942}") = "_CPPTest", "_CPPTest\_CPPTest.vcxproj", "{28522159-4038-49B6-974C-EF0C1D21B90E}"
EndProject
Global
	GlobalSection(SolutionConfigurationPlatforms) = preSolution
		Debug x64|Any CPU = Debug x64|Any CPU
		Debug|Any CPU = Debug|Any CPU
		Release x64|Any CPU = Release x64|Any CPU
		Release|Any CPU = Release|Any CPU
	EndGlobalSection
	GlobalSection(ProjectConfigurationPlatforms) = postSolution
		{2FF0448C-788C-4221-81DF-E52748FEF251}.Debug x64|Any CPU.ActiveCfg = Debug x64|Any CPU
		{2FF0448C-788C-4221-81DF-E52748FEF251}.Debug x64|Any CPU.Build.0 = Debug x64|Any CPU
		{2FF0448C-788C-4221-81DF-E52748FEF251}.Debug|Any CPU.ActiveCfg = Debug|Any CPU
		{2FF0448C-788C-4221-81DF-E52748FEF251}.Debug|Any CPU.Build.0 = Debug|Any CPU
		{2FF0448C-788C-4221-81DF-E52748FEF251}.Release x64|Any CPU.ActiveCfg = Release x64|Any CPU
		{2FF0448C-788C-4221-81DF-E52748FEF251}.Release x64|Any CPU.Build.0 = Release x64|Any CPU
		{2FF0448C-788C-4221-81DF-E52748FEF251}.Release|Any CPU.ActiveCfg = Release|Any CPU
		{2FF0448C-788C-4221-81DF-E52748FEF251}.Release|Any CPU.Build.0 = Release|Any CPU
		{D198864E-62CB-408B-A29C-9C9EB47DCAE2}.Debug x64|Any CPU.ActiveCfg = Debug x64|Any CPU
		{D198864E-62CB-408B-A29C-9C9EB47DCAE2}.Debug x64|Any CPU.Build.0 = Debug x64|Any CPU
		{D198864E-62CB-408B-A29C-9C9EB47DCAE2}.Debug|Any CPU.ActiveCfg = Debug|Any CPU
		{D198864E-62CB-408B-A29C-9C9EB47DCAE2}.Debug|Any CPU.Build.0 = Debug|Any CPU
		{D198864E-62CB-408B-A29C-9C9EB47DCAE2}.Release x64|Any CPU.ActiveCfg = Release x64|Any CPU
		{D198864E-62CB-408B-A29C-9C9EB47DCAE2}.Release x64|Any CPU.Build.0 = Release x64|Any CPU
		{D198864E-62CB-408B-A29C-9C9EB47DCAE2}.Release|Any CPU.ActiveCfg = Release|Any CPU
		{D198864E-62CB-408B-A29C-9C9EB47DCAE2}.Release|Any CPU.Build.0 = Release|Any CPU
		{7303D36C-0EAD-4EC7-A960-1370E9FBA81A}.Debug x64|Any CPU.ActiveCfg = Debug x64|Any CPU
		{7303D36C-0EAD-4EC7-A960-1370E9FBA81A}.Debug x64|Any CPU.Build.0 = Debug x64|Any CPU
		{7303D36C-0EAD-4EC7-A960-1370E9FBA81A}.Debug|Any CPU.ActiveCfg = Debug|Any CPU
		{7303D36C-0EAD-4EC7-A960-1370E9FBA81A}.Debug|Any CPU.Build.0 = Debug|Any CPU
		{7303D36C-0EAD-4EC7-A960-1370E9FBA81A}.Release x64|Any CPU.ActiveCfg = Release x64|Any CPU
		{7303D36C-0EAD-4EC7-A960-1370E9FBA81A}.Release x64|Any CPU.Build.0 = Release x64|Any CPU
		{7303D36C-0EAD-4EC7-A960-1370E9FBA81A}.Release|Any CPU.ActiveCfg = Release|Any CPU
		{7303D36C-0EAD-4EC7-A960-1370E9FBA81A}.Release|Any CPU.Build.0 = Release|Any CPU
		{1F2D204B-7E86-4F29-BDC2-22AE52896B1C}.Debug x64|Any CPU.ActiveCfg = Debug x64|Any CPU
		{1F2D204B-7E86-4F29-BDC2-22AE52896B1C}.Debug x64|Any CPU.Build.0 = Debug x64|Any CPU
		{1F2D204B-7E86-4F29-BDC2-22AE52896B1C}.Debug|Any CPU.ActiveCfg = Debug|Any CPU
		{1F2D204B-7E86-4F29-BDC2-22AE52896B1C}.Debug|Any CPU.Build.0 = Debug|Any CPU
		{1F2D204B-7E86-4F29-BDC2-22AE52896B1C}.Release x64|Any CPU.ActiveCfg = Release x64|Any CPU
		{1F2D204B-7E86-4F29-BDC2-22AE52896B1C}.Release x64|Any CPU.Build.0 = Release x64|Any CPU
		{1F2D204B-7E86-4F29-BDC2-22AE52896B1C}.Release|Any CPU.ActiveCfg = Release|Any CPU
		{1F2D204B-7E86-4F29-BDC2-22AE52896B1C}.Release|Any CPU.Build.0 = Release|Any CPU
		{0FB475A1-EBF8-43A5-ABFD-754A02B76F47}.Debug x64|Any CPU.ActiveCfg = Debug x64|Any CPU
		{0FB475A1-EBF8-43A5-ABFD-754A02B76F47}.Debug x64|Any CPU.Build.0 = Debug x64|Any CPU
		{0FB475A1-EBF8-43A5-ABFD-754A02B76F47}.Debug|Any CPU.ActiveCfg = Debug|Any CPU
		{0FB475A1-EBF8-43A5-ABFD-754A02B76F47}.Debug|Any CPU.Build.0 = Debug|Any CPU
		{0FB475A1-EBF8-43A5-ABFD-754A02B76F47}.Release x64|Any CPU.ActiveCfg = Release x64|Any CPU
		{0FB475A1-EBF8-43A5-ABFD-754A02B76F47}.Release x64|Any CPU.Build.0 = Release x64|Any CPU
		{0FB475A1-EBF8-43A5-ABFD-754A02B76F47}.Release|Any CPU.ActiveCfg = Release|Any CPU
		{0FB475A1-EBF8-43A5-ABFD-754A02B76F47}.Release|Any CPU.Build.0 = Release|Any CPU
		{F5CA9564-F6F7-494F-A000-8BDFE711D3A8}.Debug x64|Any CPU.ActiveCfg = Debug x64|Any CPU
		{F5CA9564-F6F7-494F-A000-8BDFE711D3A8}.Debug x64|Any CPU.Build.0 = Debug x64|Any CPU
		{F5CA9564-F6F7-494F-A000-8BDFE711D3A8}.Debug|Any CPU.ActiveCfg = Debug|Any CPU
		{F5CA9564-F6F7-494F-A000-8BDFE711D3A8}.Debug|Any CPU.Build.0 = Debug|Any CPU
		{F5CA9564-F6F7-494F-A000-8BDFE711D3A8}.Release x64|Any CPU.ActiveCfg = Release x64|Any CPU
		{F5CA9564-F6F7-494F-A000-8BDFE711D3A8}.Release x64|Any CPU.Build.0 = Release x64|Any CPU
		{F5CA9564-F6F7-494F-A000-8BDFE711D3A8}.Release|Any CPU.ActiveCfg = Release|Any CPU
		{F5CA9564-F6F7-494F-A000-8BDFE711D3A8}.Release|Any CPU.Build.0 = Release|Any CPU
		{F6ADFE26-8CFC-4935-86CF-FB73CF0A90E0}.Debug x64|Any CPU.ActiveCfg = Debug x64|Any CPU
		{F6ADFE26-8CFC-4935-86CF-FB73CF0A90E0}.Debug x64|Any CPU.Build.0 = Debug x64|Any CPU
		{F6ADFE26-8CFC-4935-86CF-FB73CF0A90E0}.Debug|Any CPU.ActiveCfg = Debug|Any CPU
		{F6ADFE26-8CFC-4935-86CF-FB73CF0A90E0}.Debug|Any CPU.Build.0 = Debug|Any CPU
		{F6ADFE26-8CFC-4935-86CF-FB73CF0A90E0}.Release x64|Any CPU.ActiveCfg = Release x64|Any CPU
		{F6ADFE26-8CFC-4935-86CF-FB73CF0A90E0}.Release x64|Any CPU.Build.0 = Release x64|Any CPU
		{F6ADFE26-8CFC-4935-86CF-FB73CF0A90E0}.Release|Any CPU.ActiveCfg = Release|Any CPU
		{F6ADFE26-8CFC-4935-86CF-FB73CF0A90E0}.Release|Any CPU.Build.0 = Release|Any CPU
		{3C29D190-7B6C-43AE-843C-2F1856A106D6}.Debug x64|Any CPU.ActiveCfg = Debug x64|Any CPU
		{3C29D190-7B6C-43AE-843C-2F1856A106D6}.Debug x64|Any CPU.Build.0 = Debug x64|Any CPU
		{3C29D190-7B6C-43AE-843C-2F1856A106D6}.Debug|Any CPU.ActiveCfg = Debug|Any CPU
		{3C29D190-7B6C-43AE-843C-2F1856A106D6}.Debug|Any CPU.Build.0 = Debug|Any CPU
		{3C29D190-7B6C-43AE-843C-2F1856A106D6}.Release x64|Any CPU.ActiveCfg = Release x64|Any CPU
		{3C29D190-7B6C-43AE-843C-2F1856A106D6}.Release x64|Any CPU.Build.0 = Release x64|Any CPU
		{3C29D190-7B6C-43AE-843C-2F1856A106D6}.Release|Any CPU.ActiveCfg = Release|Any CPU
		{3C29D190-7B6C-43AE-843C-2F1856A106D6}.Release|Any CPU.Build.0 = Release|Any CPU
		{E7260411-C43A-497E-83FB-F26D315F9557}.Debug x64|Any CPU.ActiveCfg = Debug x64|Any CPU
		{E7260411-C43A-497E-83FB-F26D315F9557}.Debug x64|Any CPU.Build.0 = Debug x64|Any CPU
		{E7260411-C43A-497E-83FB-F26D315F9557}.Debug|Any CPU.ActiveCfg = Debug|Any CPU
		{E7260411-C43A-497E-83FB-F26D315F9557}.Debug|Any CPU.Build.0 = Debug|Any CPU
		{E7260411-C43A-497E-83FB-F26D315F9557}.Release x64|Any CPU.ActiveCfg = Release x64|Any CPU
		{E7260411-C43A-497E-83FB-F26D315F9557}.Release x64|Any CPU.Build.0 = Release x64|Any CPU
		{E7260411-C43A-497E-83FB-F26D315F9557}.Release|Any CPU.ActiveCfg = Release|Any CPU
		{E7260411-C43A-497E-83FB-F26D315F9557}.Release|Any CPU.Build.0 = Release|Any CPU
		{D029FA5D-7845-42A5-A767-A9A32B08D2B5}.Debug x64|Any CPU.ActiveCfg = Debug x64|Any CPU
		{D029FA5D-7845-42A5-A767-A9A32B08D2B5}.Debug x64|Any CPU.Build.0 = Debug x64|Any CPU
		{D029FA5D-7845-42A5-A767-A9A32B08D2B5}.Debug|Any CPU.ActiveCfg = Debug|Any CPU
		{D029FA5D-7845-42A5-A767-A9A32B08D2B5}.Debug|Any CPU.Build.0 = Debug|Any CPU
		{D029FA5D-7845-42A5-A767-A9A32B08D2B5}.Release x64|Any CPU.ActiveCfg = Release x64|Any CPU
		{D029FA5D-7845-42A5-A767-A9A32B08D2B5}.Release x64|Any CPU.Build.0 = Release x64|Any CPU
		{D029FA5D-7845-42A5-A767-A9A32B08D2B5}.Release|Any CPU.ActiveCfg = Release|Any CPU
		{D029FA5D-7845-42A5-A767-A9A32B08D2B5}.Release|Any CPU.Build.0 = Release|Any CPU
		{0974ACD1-133C-47F5-9BFE-F3F0A6ACFDA0}.Debug x64|Any CPU.ActiveCfg = Debug x64|Any CPU
		{0974ACD1-133C-47F5-9BFE-F3F0A6ACFDA0}.Debug x64|Any CPU.Build.0 = Debug x64|Any CPU
		{0974ACD1-133C-47F5-9BFE-F3F0A6ACFDA0}.Debug|Any CPU.ActiveCfg = Debug|Any CPU
		{0974ACD1-133C-47F5-9BFE-F3F0A6ACFDA0}.Debug|Any CPU.Build.0 = Debug|Any CPU
		{0974ACD1-133C-47F5-9BFE-F3F0A6ACFDA0}.Release x64|Any CPU.ActiveCfg = Release x64|Any CPU
		{0974ACD1-133C-47F5-9BFE-F3F0A6ACFDA0}.Release x64|Any CPU.Build.0 = Release x64|Any CPU
		{0974ACD1-133C-47F5-9BFE-F3F0A6ACFDA0}.Release|Any CPU.ActiveCfg = Release|Any CPU
		{0974ACD1-133C-47F5-9BFE-F3F0A6ACFDA0}.Release|Any CPU.Build.0 = Release|Any CPU
		{00E12F76-6035-4266-8F3E-9342211A7DEC}.Debug x64|Any CPU.ActiveCfg = Debug x64|Any CPU
		{00E12F76-6035-4266-8F3E-9342211A7DEC}.Debug x64|Any CPU.Build.0 = Debug x64|Any CPU
		{00E12F76-6035-4266-8F3E-9342211A7DEC}.Debug|Any CPU.ActiveCfg = Debug|Any CPU
		{00E12F76-6035-4266-8F3E-9342211A7DEC}.Debug|Any CPU.Build.0 = Debug|Any CPU
		{00E12F76-6035-4266-8F3E-9342211A7DEC}.Release x64|Any CPU.ActiveCfg = Release x64|Any CPU
		{00E12F76-6035-4266-8F3E-9342211A7DEC}.Release x64|Any CPU.Build.0 = Release x64|Any CPU
		{00E12F76-6035-4266-8F3E-9342211A7DEC}.Release|Any CPU.ActiveCfg = Release|Any CPU
		{00E12F76-6035-4266-8F3E-9342211A7DEC}.Release|Any CPU.Build.0 = Release|Any CPU
		{CBC61728-48AC-4AD2-A18B-80E19E142E4D}.Debug x64|Any CPU.ActiveCfg = Debug x64|Any CPU
		{CBC61728-48AC-4AD2-A18B-80E19E142E4D}.Debug x64|Any CPU.Build.0 = Debug x64|Any CPU
		{CBC61728-48AC-4AD2-A18B-80E19E142E4D}.Debug|Any CPU.ActiveCfg = Debug|Any CPU
		{CBC61728-48AC-4AD2-A18B-80E19E142E4D}.Debug|Any CPU.Build.0 = Debug|Any CPU
		{CBC61728-48AC-4AD2-A18B-80E19E142E4D}.Release x64|Any CPU.ActiveCfg = Release x64|Any CPU
		{CBC61728-48AC-4AD2-A18B-80E19E142E4D}.Release x64|Any CPU.Build.0 = Release x64|Any CPU
		{CBC61728-48AC-4AD2-A18B-80E19E142E4D}.Release|Any CPU.ActiveCfg = Release|Any CPU
		{CBC61728-48AC-4AD2-A18B-80E19E142E4D}.Release|Any CPU.Build.0 = Release|Any CPU
		{DC320FD4-76AE-41DA-8DEC-85C818CC7B0A}.Debug x64|Any CPU.ActiveCfg = Debug x64|Any CPU
		{DC320FD4-76AE-41DA-8DEC-85C818CC7B0A}.Debug x64|Any CPU.Build.0 = Debug x64|Any CPU
		{DC320FD4-76AE-41DA-8DEC-85C818CC7B0A}.Debug|Any CPU.ActiveCfg = Debug|Any CPU
		{DC320FD4-76AE-41DA-8DEC-85C818CC7B0A}.Debug|Any CPU.Build.0 = Debug|Any CPU
		{DC320FD4-76AE-41DA-8DEC-85C818CC7B0A}.Release x64|Any CPU.ActiveCfg = Release x64|Any CPU
		{DC320FD4-76AE-41DA-8DEC-85C818CC7B0A}.Release x64|Any CPU.Build.0 = Release x64|Any CPU
		{DC320FD4-76AE-41DA-8DEC-85C818CC7B0A}.Release|Any CPU.ActiveCfg = Release|Any CPU
		{DC320FD4-76AE-41DA-8DEC-85C818CC7B0A}.Release|Any CPU.Build.0 = Release|Any CPU
		{FFD7BB6F-5980-47AE-B35A-20015394697C}.Debug x64|Any CPU.ActiveCfg = Debug x64|Any CPU
		{FFD7BB6F-5980-47AE-B35A-20015394697C}.Debug x64|Any CPU.Build.0 = Debug x64|Any CPU
		{FFD7BB6F-5980-47AE-B35A-20015394697C}.Debug|Any CPU.ActiveCfg = Debug|Any CPU
		{FFD7BB6F-5980-47AE-B35A-20015394697C}.Debug|Any CPU.Build.0 = Debug|Any CPU
		{FFD7BB6F-5980-47AE-B35A-20015394697C}.Release x64|Any CPU.ActiveCfg = Release x64|Any CPU
		{FFD7BB6F-5980-47AE-B35A-20015394697C}.Release x64|Any CPU.Build.0 = Release x64|Any CPU
		{FFD7BB6F-5980-47AE-B35A-20015394697C}.Release|Any CPU.ActiveCfg = Release|Any CPU
		{FFD7BB6F-5980-47AE-B35A-20015394697C}.Release|Any CPU.Build.0 = Release|Any CPU
		{D69E3328-FBBE-4652-B03F-AC1D421E6A2C}.Debug x64|Any CPU.ActiveCfg = Debug x64|Any CPU
		{D69E3328-FBBE-4652-B03F-AC1D421E6A2C}.Debug x64|Any CPU.Build.0 = Debug x64|Any CPU
		{D69E3328-FBBE-4652-B03F-AC1D421E6A2C}.Debug|Any CPU.ActiveCfg = Debug|Any CPU
		{D69E3328-FBBE-4652-B03F-AC1D421E6A2C}.Debug|Any CPU.Build.0 = Debug|Any CPU
		{D69E3328-FBBE-4652-B03F-AC1D421E6A2C}.Release x64|Any CPU.ActiveCfg = Release x64|Any CPU
		{D69E3328-FBBE-4652-B03F-AC1D421E6A2C}.Release x64|Any CPU.Build.0 = Release x64|Any CPU
		{D69E3328-FBBE-4652-B03F-AC1D421E6A2C}.Release|Any CPU.ActiveCfg = Release|Any CPU
		{D69E3328-FBBE-4652-B03F-AC1D421E6A2C}.Release|Any CPU.Build.0 = Release|Any CPU
		{5EF45533-E2C7-46F2-B4A3-B8F36CD406E0}.Debug x64|Any CPU.ActiveCfg = Debug x64|Any CPU
		{5EF45533-E2C7-46F2-B4A3-B8F36CD406E0}.Debug x64|Any CPU.Build.0 = Debug x64|Any CPU
		{5EF45533-E2C7-46F2-B4A3-B8F36CD406E0}.Debug|Any CPU.ActiveCfg = Debug|Any CPU
		{5EF45533-E2C7-46F2-B4A3-B8F36CD406E0}.Debug|Any CPU.Build.0 = Debug|Any CPU
		{5EF45533-E2C7-46F2-B4A3-B8F36CD406E0}.Release x64|Any CPU.ActiveCfg = Release x64|Any CPU
		{5EF45533-E2C7-46F2-B4A3-B8F36CD406E0}.Release x64|Any CPU.Build.0 = Release x64|Any CPU
		{5EF45533-E2C7-46F2-B4A3-B8F36CD406E0}.Release|Any CPU.ActiveCfg = Release|Any CPU
		{5EF45533-E2C7-46F2-B4A3-B8F36CD406E0}.Release|Any CPU.Build.0 = Release|Any CPU
		{47BCAA39-EDAD-4404-B6BD-4742B0ABB523}.Debug x64|Any CPU.ActiveCfg = Debug x64|Any CPU
		{47BCAA39-EDAD-4404-B6BD-4742B0ABB523}.Debug x64|Any CPU.Build.0 = Debug x64|Any CPU
		{47BCAA39-EDAD-4404-B6BD-4742B0ABB523}.Debug|Any CPU.ActiveCfg = Debug|Any CPU
		{47BCAA39-EDAD-4404-B6BD-4742B0ABB523}.Debug|Any CPU.Build.0 = Debug|Any CPU
		{47BCAA39-EDAD-4404-B6BD-4742B0ABB523}.Release x64|Any CPU.ActiveCfg = Release x64|Any CPU
		{47BCAA39-EDAD-4404-B6BD-4742B0ABB523}.Release x64|Any CPU.Build.0 = Release x64|Any CPU
		{47BCAA39-EDAD-4404-B6BD-4742B0ABB523}.Release|Any CPU.ActiveCfg = Release|Any CPU
		{47BCAA39-EDAD-4404-B6BD-4742B0ABB523}.Release|Any CPU.Build.0 = Release|Any CPU
		{B2984A6D-AD1C-4BE9-94AB-BA002B338751}.Debug x64|Any CPU.ActiveCfg = Debug x64|Any CPU
		{B2984A6D-AD1C-4BE9-94AB-BA002B338751}.Debug x64|Any CPU.Build.0 = Debug x64|Any CPU
		{B2984A6D-AD1C-4BE9-94AB-BA002B338751}.Debug|Any CPU.ActiveCfg = Debug|Any CPU
		{B2984A6D-AD1C-4BE9-94AB-BA002B338751}.Debug|Any CPU.Build.0 = Debug|Any CPU
		{B2984A6D-AD1C-4BE9-94AB-BA002B338751}.Release x64|Any CPU.ActiveCfg = Release x64|Any CPU
		{B2984A6D-AD1C-4BE9-94AB-BA002B338751}.Release x64|Any CPU.Build.0 = Release x64|Any CPU
		{B2984A6D-AD1C-4BE9-94AB-BA002B338751}.Release|Any CPU.ActiveCfg = Release|Any CPU
		{B2984A6D-AD1C-4BE9-94AB-BA002B338751}.Release|Any CPU.Build.0 = Release|Any CPU
		{69C99DC0-3E05-436E-BB3E-C02092EED343}.Debug x64|Any CPU.ActiveCfg = Debug|Any CPU
		{69C99DC0-3E05-436E-BB3E-C02092EED343}.Debug x64|Any CPU.Build.0 = Debug|Any CPU
		{69C99DC0-3E05-436E-BB3E-C02092EED343}.Debug|Any CPU.ActiveCfg = Debug|Any CPU
		{69C99DC0-3E05-436E-BB3E-C02092EED343}.Debug|Any CPU.Build.0 = Debug|Any CPU
		{69C99DC0-3E05-436E-BB3E-C02092EED343}.Release x64|Any CPU.ActiveCfg = Release|Any CPU
		{69C99DC0-3E05-436E-BB3E-C02092EED343}.Release x64|Any CPU.Build.0 = Release|Any CPU
		{69C99DC0-3E05-436E-BB3E-C02092EED343}.Release|Any CPU.ActiveCfg = Release|Any CPU
		{69C99DC0-3E05-436E-BB3E-C02092EED343}.Release|Any CPU.Build.0 = Release|Any CPU
		{28522159-4038-49B6-974C-EF0C1D21B90E}.Debug x64|Any CPU.ActiveCfg = Debug|Win32
		{28522159-4038-49B6-974C-EF0C1D21B90E}.Debug|Any CPU.ActiveCfg = Debug|Win32
		{28522159-4038-49B6-974C-EF0C1D21B90E}.Release x64|Any CPU.ActiveCfg = Release|Win32
		{28522159-4038-49B6-974C-EF0C1D21B90E}.Release|Any CPU.ActiveCfg = Release|Win32
	EndGlobalSection
	GlobalSection(SolutionProperties) = preSolution
		HideSolutionNode = FALSE
	EndGlobalSection
EndGlobal
